
Microsoft Visual Studio Solution File, Format Version 12.00
# Visual Studio Version 17
VisualStudioVersion = 17.10.34804.81
MinimumVisualStudioVersion = 10.0.40219.1
Project("{FAE04EC0-301F-11D3-BF4B-00C04F79EFBC}") = "Psychosis.Characters", "Psychosis.Characters.csproj", "{64C887B3-7E86-4E16-9FE5-86B173BFCA5B}"
EndProject
Global
	GlobalSection(SolutionConfigurationPlatforms) = preSolution
		Debug|Any CPU = Debug|Any CPU
		Release|Any CPU = Release|Any CPU
	EndGlobalSection
	GlobalSection(ProjectConfigurationPlatforms) = postSolution
		{64C887B3-7E86-4E16-9FE5-86B173BFCA5B}.Debug|Any CPU.ActiveCfg = Debug|Any CPU
		{64C887B3-7E86-4E16-9FE5-86B173BFCA5B}.Debug|Any CPU.Build.0 = Debug|Any CPU
		{64C887B3-7E86-4E16-9FE5-86B173BFCA5B}.Release|Any CPU.ActiveCfg = Release|Any CPU
		{64C887B3-7E86-4E16-9FE5-86B173BFCA5B}.Release|Any CPU.Build.0 = Release|Any CPU
	EndGlobalSection
	GlobalSection(SolutionProperties) = preSolution
		HideSolutionNode = FALSE
	EndGlobalSection
	GlobalSection(ExtensibilityGlobals) = postSolution
		SolutionGuid = {DEFF50D9-F820-41DF-B819-BA4ED1C728CC}
	EndGlobalSection
EndGlobal
